
Microsoft Visual Studio Solution File, Format Version 12.00
# Visual Studio Version 17
VisualStudioVersion = 17.5.002.0
MinimumVisualStudioVersion = 10.0.40219.1
Project("{9A19103F-16F7-4668-BE54-9A1E7A4F7556}") = "PhileExplorer", "PhileExplorer.csproj", "{6F34F41E-A753-434C-8A8F-5E5D938E2386}"
EndProject
Global
	GlobalSection(SolutionConfigurationPlatforms) = preSolution
		Debug|Any CPU = Debug|Any CPU
		Release|Any CPU = Release|Any CPU
	EndGlobalSection
	GlobalSection(ProjectConfigurationPlatforms) = postSolution
		{6F34F41E-A753-434C-8A8F-5E5D938E2386}.Debug|Any CPU.ActiveCfg = Debug|Any CPU
		{6F34F41E-A753-434C-8A8F-5E5D938E2386}.Debug|Any CPU.Build.0 = Debug|Any CPU
		{6F34F41E-A753-434C-8A8F-5E5D938E2386}.Release|Any CPU.ActiveCfg = Release|Any CPU
		{6F34F41E-A753-434C-8A8F-5E5D938E2386}.Release|Any CPU.Build.0 = Release|Any CPU
	EndGlobalSection
	GlobalSection(SolutionProperties) = preSolution
		HideSolutionNode = FALSE
	EndGlobalSection
	GlobalSection(ExtensibilityGlobals) = postSolution
		SolutionGuid = {244FB351-47F6-455A-9156-9CA8E5E7195C}
	EndGlobalSection
EndGlobal
